
Microsoft Visual Studio Solution File, Format Version 12.00
Project("{2150E333-8FDC-42A3-9474-1A3956D46DE8}") = "src", "src", "{6C0DFAEA-5416-4AD6-8256-0007F727D8F6}"
EndProject
Project("{2150E333-8FDC-42A3-9474-1A3956D46DE8}") = "test", "test", "{6B40B555-3CB8-421A-B09B-6DC00012ACB3}"
EndProject
Project("{2150E333-8FDC-42A3-9474-1A3956D46DE8}") = "Infrastructure", "Infrastructure", "{D26AA203-14F7-44F0-9CB3-5F1F8A3F6AC0}"
EndProject
Project("{FAE04EC0-301F-11D3-BF4B-00C04F79EFBC}") = "AzureFunctions", "AzureFunctions\AzureFunctions.csproj", "{826540D9-2793-4099-B2C2-CE721BC1FD50}"
EndProject
Project("{FAE04EC0-301F-11D3-BF4B-00C04F79EFBC}") = "Domain", "Domain\Domain.csproj", "{1AB5A30A-9C4E-48E3-A43A-C5A797ED0D12}"
EndProject
Project("{FAE04EC0-301F-11D3-BF4B-00C04F79EFBC}") = "AzureStorage", "AzureStorage\AzureStorage.csproj", "{15356EBD-210A-4941-80B4-E98F4E005381}"
EndProject
Project("{FAE04EC0-301F-11D3-BF4B-00C04F79EFBC}") = "Application", "Application\Application.csproj", "{EC791BBB-506D-4F6E-A1A3-5C0E95F83DD0}"
EndProject
Project("{FAE04EC0-301F-11D3-BF4B-00C04F79EFBC}") = "RandomApiRequest", "RandomApiRequest\RandomApiRequest.csproj", "{8C84CD61-BB32-41ED-9307-F5C2334D17FC}"
EndProject
Project("{FAE04EC0-301F-11D3-BF4B-00C04F79EFBC}") = "Application.Tests", "Application.Tests\Application.Tests.csproj", "{4547672C-F823-452C-A996-981CC000A802}"
EndProject
Global
	GlobalSection(SolutionConfigurationPlatforms) = preSolution
		Debug|Any CPU = Debug|Any CPU
		Release|Any CPU = Release|Any CPU
	EndGlobalSection
	GlobalSection(NestedProjects) = preSolution
		{D26AA203-14F7-44F0-9CB3-5F1F8A3F6AC0} = {6C0DFAEA-5416-4AD6-8256-0007F727D8F6}
		{826540D9-2793-4099-B2C2-CE721BC1FD50} = {D26AA203-14F7-44F0-9CB3-5F1F8A3F6AC0}
		{1AB5A30A-9C4E-48E3-A43A-C5A797ED0D12} = {6C0DFAEA-5416-4AD6-8256-0007F727D8F6}
		{15356EBD-210A-4941-80B4-E98F4E005381} = {D26AA203-14F7-44F0-9CB3-5F1F8A3F6AC0}
		{EC791BBB-506D-4F6E-A1A3-5C0E95F83DD0} = {6C0DFAEA-5416-4AD6-8256-0007F727D8F6}
		{8C84CD61-BB32-41ED-9307-F5C2334D17FC} = {D26AA203-14F7-44F0-9CB3-5F1F8A3F6AC0}
		{4547672C-F823-452C-A996-981CC000A802} = {6B40B555-3CB8-421A-B09B-6DC00012ACB3}
	EndGlobalSection
	GlobalSection(ProjectConfigurationPlatforms) = postSolution
		{826540D9-2793-4099-B2C2-CE721BC1FD50}.Debug|Any CPU.ActiveCfg = Debug|Any CPU
		{826540D9-2793-4099-B2C2-CE721BC1FD50}.Debug|Any CPU.Build.0 = Debug|Any CPU
		{826540D9-2793-4099-B2C2-CE721BC1FD50}.Release|Any CPU.ActiveCfg = Release|Any CPU
		{826540D9-2793-4099-B2C2-CE721BC1FD50}.Release|Any CPU.Build.0 = Release|Any CPU
		{1AB5A30A-9C4E-48E3-A43A-C5A797ED0D12}.Debug|Any CPU.ActiveCfg = Debug|Any CPU
		{1AB5A30A-9C4E-48E3-A43A-C5A797ED0D12}.Debug|Any CPU.Build.0 = Debug|Any CPU
		{1AB5A30A-9C4E-48E3-A43A-C5A797ED0D12}.Release|Any CPU.ActiveCfg = Release|Any CPU
		{1AB5A30A-9C4E-48E3-A43A-C5A797ED0D12}.Release|Any CPU.Build.0 = Release|Any CPU
		{15356EBD-210A-4941-80B4-E98F4E005381}.Debug|Any CPU.ActiveCfg = Debug|Any CPU
		{15356EBD-210A-4941-80B4-E98F4E005381}.Debug|Any CPU.Build.0 = Debug|Any CPU
		{15356EBD-210A-4941-80B4-E98F4E005381}.Release|Any CPU.ActiveCfg = Release|Any CPU
		{15356EBD-210A-4941-80B4-E98F4E005381}.Release|Any CPU.Build.0 = Release|Any CPU
		{EC791BBB-506D-4F6E-A1A3-5C0E95F83DD0}.Debug|Any CPU.ActiveCfg = Debug|Any CPU
		{EC791BBB-506D-4F6E-A1A3-5C0E95F83DD0}.Debug|Any CPU.Build.0 = Debug|Any CPU
		{EC791BBB-506D-4F6E-A1A3-5C0E95F83DD0}.Release|Any CPU.ActiveCfg = Release|Any CPU
		{EC791BBB-506D-4F6E-A1A3-5C0E95F83DD0}.Release|Any CPU.Build.0 = Release|Any CPU
		{8C84CD61-BB32-41ED-9307-F5C2334D17FC}.Debug|Any CPU.ActiveCfg = Debug|Any CPU
		{8C84CD61-BB32-41ED-9307-F5C2334D17FC}.Debug|Any CPU.Build.0 = Debug|Any CPU
		{8C84CD61-BB32-41ED-9307-F5C2334D17FC}.Release|Any CPU.ActiveCfg = Release|Any CPU
		{8C84CD61-BB32-41ED-9307-F5C2334D17FC}.Release|Any CPU.Build.0 = Release|Any CPU
		{4547672C-F823-452C-A996-981CC000A802}.Debug|Any CPU.ActiveCfg = Debug|Any CPU
		{4547672C-F823-452C-A996-981CC000A802}.Debug|Any CPU.Build.0 = Debug|Any CPU
		{4547672C-F823-452C-A996-981CC000A802}.Release|Any CPU.ActiveCfg = Release|Any CPU
		{4547672C-F823-452C-A996-981CC000A802}.Release|Any CPU.Build.0 = Release|Any CPU
	EndGlobalSection
EndGlobal
